
Microsoft Visual Studio Solution File, Format Version 12.00
# Visual Studio Version 16
VisualStudioVersion = 16.0.30621.155
MinimumVisualStudioVersion = 10.0.40219.1
Project("{F184B08F-C81C-45F6-A57F-5ABD9991F28F}") = "TF2 Mod Installer", "TF2 Mod Installer\TF2 Mod Installer.vbproj", "{07174FE6-DD55-4644-832D-D713BD8CD01D}"
EndProject
Project("{F184B08F-C81C-45F6-A57F-5ABD9991F28F}") = "Downloader", "Downloader\Downloader.vbproj", "{AA4C4FB8-EDD5-4F3D-8589-AFA0B2DD63CE}"
EndProject
Global
	GlobalSection(SolutionConfigurationPlatforms) = preSolution
		Debug|Any CPU = Debug|Any CPU
		Release|Any CPU = Release|Any CPU
	EndGlobalSection
	GlobalSection(ProjectConfigurationPlatforms) = postSolution
		{07174FE6-DD55-4644-832D-D713BD8CD01D}.Debug|Any CPU.ActiveCfg = Debug|Any CPU
		{07174FE6-DD55-4644-832D-D713BD8CD01D}.Debug|Any CPU.Build.0 = Debug|Any CPU
		{07174FE6-DD55-4644-832D-D713BD8CD01D}.Release|Any CPU.ActiveCfg = Release|Any CPU
		{07174FE6-DD55-4644-832D-D713BD8CD01D}.Release|Any CPU.Build.0 = Release|Any CPU
		{AA4C4FB8-EDD5-4F3D-8589-AFA0B2DD63CE}.Debug|Any CPU.ActiveCfg = Debug|Any CPU
		{AA4C4FB8-EDD5-4F3D-8589-AFA0B2DD63CE}.Debug|Any CPU.Build.0 = Debug|Any CPU
		{AA4C4FB8-EDD5-4F3D-8589-AFA0B2DD63CE}.Release|Any CPU.ActiveCfg = Release|Any CPU
		{AA4C4FB8-EDD5-4F3D-8589-AFA0B2DD63CE}.Release|Any CPU.Build.0 = Release|Any CPU
	EndGlobalSection
	GlobalSection(SolutionProperties) = preSolution
		HideSolutionNode = FALSE
	EndGlobalSection
	GlobalSection(ExtensibilityGlobals) = postSolution
		SolutionGuid = {68FD9EDA-B86F-43ED-8836-E70A0D3F45BF}
	EndGlobalSection
EndGlobal
